
Microsoft Visual Studio Solution File, Format Version 12.00
# Visual Studio Version 17
VisualStudioVersion = 17.11.35222.181
MinimumVisualStudioVersion = 10.0.40219.1
Project("{FAE04EC0-301F-11D3-BF4B-00C04F79EFBC}") = "OOP2-InClass3", "OOP2-InClass3\OOP2-InClass3.csproj", "{EE6E532F-C68A-4559-80B2-32769B2D7F53}"
EndProject
Global
	GlobalSection(SolutionConfigurationPlatforms) = preSolution
		Debug|Any CPU = Debug|Any CPU
		Release|Any CPU = Release|Any CPU
	EndGlobalSection
	GlobalSection(ProjectConfigurationPlatforms) = postSolution
		{EE6E532F-C68A-4559-80B2-32769B2D7F53}.Debug|Any CPU.ActiveCfg = Debug|Any CPU
		{EE6E532F-C68A-4559-80B2-32769B2D7F53}.Debug|Any CPU.Build.0 = Debug|Any CPU
		{EE6E532F-C68A-4559-80B2-32769B2D7F53}.Release|Any CPU.ActiveCfg = Release|Any CPU
		{EE6E532F-C68A-4559-80B2-32769B2D7F53}.Release|Any CPU.Build.0 = Release|Any CPU
	EndGlobalSection
	GlobalSection(SolutionProperties) = preSolution
		HideSolutionNode = FALSE
	EndGlobalSection
	GlobalSection(ExtensibilityGlobals) = postSolution
		SolutionGuid = {F7BA4069-A1ED-4EB0-84E9-6D4DC7D0FEE4}
	EndGlobalSection
EndGlobal
